// !$*UTF8*$!
{
	archiveVersion = 1;
	classes = {
	};
	objectVersion = 50;
	objects = {

/* Begin PBXBuildFile section */
		5B21DF2D2144B1FE001B725C /* AppDelegate.swift in Sources */ = {isa = PBXBuildFile; fileRef = 5B21DF2C2144B1FE001B725C /* AppDelegate.swift */; };
		5B21DF2F2144B1FE001B725C /* ViewController.swift in Sources */ = {isa = PBXBuildFile; fileRef = 5B21DF2E2144B1FE001B725C /* ViewController.swift */; };
		5B21DF322144B1FE001B725C /* Main.storyboard in Resources */ = {isa = PBXBuildFile; fileRef = 5B21DF302144B1FE001B725C /* Main.storyboard */; };
		5B21DF342144B202001B725C /* Assets.xcassets in Resources */ = {isa = PBXBuildFile; fileRef = 5B21DF332144B202001B725C /* Assets.xcassets */; };
		5B21DF372144B202001B725C /* LaunchScreen.storyboard in Resources */ = {isa = PBXBuildFile; fileRef = 5B21DF352144B202001B725C /* LaunchScreen.storyboard */; };
		5B21DF422144B202001B725C /* webserviceTests.swift in Sources */ = {isa = PBXBuildFile; fileRef = 5B21DF412144B202001B725C /* webserviceTests.swift */; };
		5B21DF4D2144B203001B725C /* webserviceUITests.swift in Sources */ = {isa = PBXBuildFile; fileRef = 5B21DF4C2144B203001B725C /* webserviceUITests.swift */; };
/* End PBXBuildFile section */

/* Begin PBXContainerItemProxy section */
		5B21DF3E2144B202001B725C /* PBXContainerItemProxy */ = {
			isa = PBXContainerItemProxy;
			containerPortal = 5B21DF212144B1FE001B725C /* Project object */;
			proxyType = 1;
			remoteGlobalIDString = 5B21DF282144B1FE001B725C;
			remoteInfo = webservice;
		};
		5B21DF492144B202001B725C /* PBXContainerItemProxy */ = {
			isa = PBXContainerItemProxy;
			containerPortal = 5B21DF212144B1FE001B725C /* Project object */;
			proxyType = 1;
			remoteGlobalIDString = 5B21DF282144B1FE001B725C;
			remoteInfo = webservice;
		};
/* End PBXContainerItemProxy section */

/* Begin PBXFileReference section */
		5B21DF292144B1FE001B725C /* webservice.app */ = {isa = PBXFileReference; explicitFileType = wrapper.application; includeInIndex = 0; path = webservice.app; sourceTree = BUILT_PRODUCTS_DIR; };
		5B21DF2C2144B1FE001B725C /* AppDelegate.swift */ = {isa = PBXFileReference; lastKnownFileType = sourcecode.swift; path = AppDelegate.swift; sourceTree = "<group>"; };
		5B21DF2E2144B1FE001B725C /* ViewController.swift */ = {isa = PBXFileReference; lastKnownFileType = sourcecode.swift; path = ViewController.swift; sourceTree = "<group>"; };
		5B21DF312144B1FE001B725C /* Base */ = {isa = PBXFileReference; lastKnownFileType = file.storyboard; name = Base; path = Base.lproj/Main.storyboard; sourceTree = "<group>"; };
		5B21DF332144B202001B725C /* Assets.xcassets */ = {isa = PBXFileReference; lastKnownFileType = folder.assetcatalog; path = Assets.xcassets; sourceTree = "<group>"; };
		5B21DF362144B202001B725C /* Base */ = {isa = PBXFileReference; lastKnownFileType = file.storyboard; name = Base; path = Base.lproj/LaunchScreen.storyboard; sourceTree = "<group>"; };
		5B21DF382144B202001B725C /* Info.plist */ = {isa = PBXFileReference; lastKnownFileType = text.plist.xml; path = Info.plist; sourceTree = "<group>"; };
		5B21DF3D2144B202001B725C /* webserviceTests.xctest */ = {isa = PBXFileReference; explicitFileType = wrapper.cfbundle; includeInIndex = 0; path = webserviceTests.xctest; sourceTree = BUILT_PRODUCTS_DIR; };
		5B21DF412144B202001B725C /* webserviceTests.swift */ = {isa = PBXFileReference; lastKnownFileType = sourcecode.swift; path = webserviceTests.swift; sourceTree = "<group>"; };
		5B21DF432144B202001B725C /* Info.plist */ = {isa = PBXFileReference; lastKnownFileType = text.plist.xml; path = Info.plist; sourceTree = "<group>"; };
		5B21DF482144B202001B725C /* webserviceUITests.xctest */ = {isa = PBXFileReference; explicitFileType = wrapper.cfbundle; includeInIndex = 0; path = webserviceUITests.xctest; sourceTree = BUILT_PRODUCTS_DIR; };
		5B21DF4C2144B203001B725C /* webserviceUITests.swift */ = {isa = PBXFileReference; lastKnownFileType = sourcecode.swift; path = webserviceUITests.swift; sourceTree = "<group>"; };
		5B21DF4E2144B203001B725C /* Info.plist */ = {isa = PBXFileReference; lastKnownFileType = text.plist.xml; path = Info.plist; sourceTree = "<group>"; };
/* End PBXFileReference section */

/* Begin PBXFrameworksBuildPhase section */
		5B21DF262144B1FE001B725C /* Frameworks */ = {
			isa = PBXFrameworksBuildPhase;
			buildActionMask = 2147483647;
			files = (
			);
			runOnlyForDeploymentPostprocessing = 0;
		};
		5B21DF3A2144B202001B725C /* Frameworks */ = {
			isa = PBXFrameworksBuildPhase;
			buildActionMask = 2147483647;
			files = (
			);
			runOnlyForDeploymentPostprocessing = 0;
		};
		5B21DF452144B202001B725C /* Frameworks */ = {
			isa = PBXFrameworksBuildPhase;
			buildActionMask = 2147483647;
			files = (
			);
			runOnlyForDeploymentPostprocessing = 0;
		};
/* End PBXFrameworksBuildPhase section */

/* Begin PBXGroup section */
		5B21DF202144B1FE001B725C = {
			isa = PBXGroup;
			children = (
				5B21DF2B2144B1FE001B725C /* webservice */,
				5B21DF402144B202001B725C /* webserviceTests */,
				5B21DF4B2144B203001B725C /* webserviceUITests */,
				5B21DF2A2144B1FE001B725C /* Products */,
			);
			sourceTree = "<group>";
		};
		5B21DF2A2144B1FE001B725C /* Products */ = {
			isa = PBXGroup;
			children = (
				5B21DF292144B1FE001B725C /* webservice.app */,
				5B21DF3D2144B202001B725C /* webserviceTests.xctest */,
				5B21DF482144B202001B725C /* webserviceUITests.xctest */,
			);
			name = Products;
			sourceTree = "<group>";
		};
		5B21DF2B2144B1FE001B725C /* webservice */ = {
			isa = PBXGroup;
			children = (
				5B21DF2C2144B1FE001B725C /* AppDelegate.swift */,
				5B21DF2E2144B1FE001B725C /* ViewController.swift */,
				5B21DF302144B1FE001B725C /* Main.storyboard */,
				5B21DF332144B202001B725C /* Assets.xcassets */,
				5B21DF352144B202001B725C /* LaunchScreen.storyboard */,
				5B21DF382144B202001B725C /* Info.plist */,
			);
			path = webservice;
			sourceTree = "<group>";
		};
		5B21DF402144B202001B725C /* webserviceTests */ = {
			isa = PBXGroup;
			children = (
				5B21DF412144B202001B725C /* webserviceTests.swift */,
				5B21DF432144B202001B725C /* Info.plist */,
			);
			path = webserviceTests;
			sourceTree = "<group>";
		};
		5B21DF4B2144B203001B725C /* webserviceUITests */ = {
			isa = PBXGroup;
			children = (
				5B21DF4C2144B203001B725C /* webserviceUITests.swift */,
				5B21DF4E2144B203001B725C /* Info.plist */,
			);
			path = webserviceUITests;
			sourceTree = "<group>";
		};
/* End PBXGroup section */

/* Begin PBXNativeTarget section */
		5B21DF282144B1FE001B725C /* webservice */ = {
			isa = PBXNativeTarget;
			buildConfigurationList = 5B21DF512144B203001B725C /* Build configuration list for PBXNativeTarget "webservice" */;
			buildPhases = (
				5B21DF252144B1FE001B725C /* Sources */,
				5B21DF262144B1FE001B725C /* Frameworks */,
				5B21DF272144B1FE001B725C /* Resources */,
			);
			buildRules = (
			);
			dependencies = (
			);
			name = webservice;
			productName = webservice;
			productReference = 5B21DF292144B1FE001B725C /* webservice.app */;
			productType = "com.apple.product-type.application";
		};
		5B21DF3C2144B202001B725C /* webserviceTests */ = {
			isa = PBXNativeTarget;
			buildConfigurationList = 5B21DF542144B203001B725C /* Build configuration list for PBXNativeTarget "webserviceTests" */;
			buildPhases = (
				5B21DF392144B202001B725C /* Sources */,
				5B21DF3A2144B202001B725C /* Frameworks */,
				5B21DF3B2144B202001B725C /* Resources */,
			);
			buildRules = (
			);
			dependencies = (
				5B21DF3F2144B202001B725C /* PBXTargetDependency */,
			);
			name = webserviceTests;
			productName = webserviceTests;
			productReference = 5B21DF3D2144B202001B725C /* webserviceTests.xctest */;
			productType = "com.apple.product-type.bundle.unit-test";
		};
		5B21DF472144B202001B725C /* webserviceUITests */ = {
			isa = PBXNativeTarget;
			buildConfigurationList = 5B21DF572144B203001B725C /* Build configuration list for PBXNativeTarget "webserviceUITests" */;
			buildPhases = (
				5B21DF442144B202001B725C /* Sources */,
				5B21DF452144B202001B725C /* Frameworks */,
				5B21DF462144B202001B725C /* Resources */,
			);
			buildRules = (
			);
			dependencies = (
				5B21DF4A2144B202001B725C /* PBXTargetDependency */,
			);
			name = webserviceUITests;
			productName = webserviceUITests;
			productReference = 5B21DF482144B202001B725C /* webserviceUITests.xctest */;
			productType = "com.apple.product-type.bundle.ui-testing";
		};
/* End PBXNativeTarget section */

/* Begin PBXProject section */
		5B21DF212144B1FE001B725C /* Project object */ = {
			isa = PBXProject;
			attributes = {
				LastSwiftUpdateCheck = 0940;
				LastUpgradeCheck = 0940;
				ORGANIZATIONNAME = curso_swift;
				TargetAttributes = {
					5B21DF282144B1FE001B725C = {
						CreatedOnToolsVersion = 9.4.1;
					};
					5B21DF3C2144B202001B725C = {
						CreatedOnToolsVersion = 9.4.1;
						TestTargetID = 5B21DF282144B1FE001B725C;
					};
					5B21DF472144B202001B725C = {
						CreatedOnToolsVersion = 9.4.1;
						TestTargetID = 5B21DF282144B1FE001B725C;
					};
				};
			};
			buildConfigurationList = 5B21DF242144B1FE001B725C /* Build configuration list for PBXProject "webservice" */;
			compatibilityVersion = "Xcode 9.3";
			developmentRegion = en;
			hasScannedForEncodings = 0;
			knownRegions = (
				en,
				Base,
			);
			mainGroup = 5B21DF202144B1FE001B725C;
			productRefGroup = 5B21DF2A2144B1FE001B725C /* Products */;
			projectDirPath = "";
			projectRoot = "";
			targets = (
				5B21DF282144B1FE001B725C /* webservice */,
				5B21DF3C2144B202001B725C /* webserviceTests */,
				5B21DF472144B202001B725C /* webserviceUITests */,
			);
		};
/* End PBXProject section */

/* Begin PBXResourcesBuildPhase section */
		5B21DF272144B1FE001B725C /* Resources */ = {
			isa = PBXResourcesBuildPhase;
			buildActionMask = 2147483647;
			files = (
				5B21DF372144B202001B725C /* LaunchScreen.storyboard in Resources */,
				5B21DF342144B202001B725C /* Assets.xcassets in Resources */,
				5B21DF322144B1FE001B725C /* Main.storyboard in Resources */,
			);
			runOnlyForDeploymentPostprocessing = 0;
		};
		5B21DF3B2144B202001B725C /* Resources */ = {
			isa = PBXResourcesBuildPhase;
			buildActionMask = 2147483647;
			files = (
			);
			runOnlyForDeploymentPostprocessing = 0;
		};
		5B21DF462144B202001B725C /* Resources */ = {
			isa = PBXResourcesBuildPhase;
			buildActionMask = 2147483647;
			files = (
			);
			runOnlyForDeploymentPostprocessing = 0;
		};
/* End PBXResourcesBuildPhase section */

/* Begin PBXSourcesBuildPhase section */
		5B21DF252144B1FE001B725C /* Sources */ = {
			isa = PBXSourcesBuildPhase;
			buildActionMask = 2147483647;
			files = (
				5B21DF2F2144B1FE001B725C /* ViewController.swift in Sources */,
				5B21DF2D2144B1FE001B725C /* AppDelegate.swift in Sources */,
			);
			runOnlyForDeploymentPostprocessing = 0;
		};
		5B21DF392144B202001B725C /* Sources */ = {
			isa = PBXSourcesBuildPhase;
			buildActionMask = 2147483647;
			files = (
				5B21DF422144B202001B725C /* webserviceTests.swift in Sources */,
			);
			runOnlyForDeploymentPostprocessing = 0;
		};
		5B21DF442144B202001B725C /* Sources */ = {
			isa = PBXSourcesBuildPhase;
			buildActionMask = 2147483647;
			files = (
				5B21DF4D2144B203001B725C /* webserviceUITests.swift in Sources */,
			);
			runOnlyForDeploymentPostprocessing = 0;
		};
/* End PBXSourcesBuildPhase section */

/* Begin PBXTargetDependency section */
		5B21DF3F2144B202001B725C /* PBXTargetDependency */ = {
			isa = PBXTargetDependency;
			target = 5B21DF282144B1FE001B725C /* webservice */;
			targetProxy = 5B21DF3E2144B202001B725C /* PBXContainerItemProxy */;
		};
		5B21DF4A2144B202001B725C /* PBXTargetDependency */ = {
			isa = PBXTargetDependency;
			target = 5B21DF282144B1FE001B725C /* webservice */;
			targetProxy = 5B21DF492144B202001B725C /* PBXContainerItemProxy */;
		};
/* End PBXTargetDependency section */

/* Begin PBXVariantGroup section */
		5B21DF302144B1FE001B725C /* Main.storyboard */ = {
			isa = PBXVariantGroup;
			children = (
				5B21DF312144B1FE001B725C /* Base */,
			);
			name = Main.storyboard;
			sourceTree = "<group>";
		};
		5B21DF352144B202001B725C /* LaunchScreen.storyboard */ = {
			isa = PBXVariantGroup;
			children = (
				5B21DF362144B202001B725C /* Base */,
			);
			name = LaunchScreen.storyboard;
			sourceTree = "<group>";
		};
/* End PBXVariantGroup section */

/* Begin XCBuildConfiguration section */
		5B21DF4F2144B203001B725C /* Debug */ = {
			isa = XCBuildConfiguration;
			buildSettings = {
				ALWAYS_SEARCH_USER_PATHS = NO;
				CLANG_ANALYZER_NONNULL = YES;
				CLANG_ANALYZER_NUMBER_OBJECT_CONVERSION = YES_AGGRESSIVE;
				CLANG_CXX_LANGUAGE_STANDARD = "gnu++14";
				CLANG_CXX_LIBRARY = "libc++";
				CLANG_ENABLE_MODULES = YES;
				CLANG_ENABLE_OBJC_ARC = YES;
				CLANG_ENABLE_OBJC_WEAK = YES;
				CLANG_WARN_BLOCK_CAPTURE_AUTORELEASING = YES;
				CLANG_WARN_BOOL_CONVERSION = YES;
				CLANG_WARN_COMMA = YES;
				CLANG_WARN_CONSTANT_CONVERSION = YES;
				CLANG_WARN_DEPRECATED_OBJC_IMPLEMENTATIONS = YES;
				CLANG_WARN_DIRECT_OBJC_ISA_USAGE = YES_ERROR;
				CLANG_WARN_DOCUMENTATION_COMMENTS = YES;
				CLANG_WARN_EMPTY_BODY = YES;
				CLANG_WARN_ENUM_CONVERSION = YES;
				CLANG_WARN_INFINITE_RECURSION = YES;
				CLANG_WARN_INT_CONVERSION = YES;
				CLANG_WARN_NON_LITERAL_NULL_CONVERSION = YES;
				CLANG_WARN_OBJC_IMPLICIT_RETAIN_SELF = YES;
				CLANG_WARN_OBJC_LITERAL_CONVERSION = YES;
				CLANG_WARN_OBJC_ROOT_CLASS = YES_ERROR;
				CLANG_WARN_RANGE_LOOP_ANALYSIS = YES;
				CLANG_WARN_STRICT_PROTOTYPES = YES;
				CLANG_WARN_SUSPICIOUS_MOVE = YES;
				CLANG_WARN_UNGUARDED_AVAILABILITY = YES_AGGRESSIVE;
				CLANG_WARN_UNREACHABLE_CODE = YES;
				CLANG_WARN__DUPLICATE_METHOD_MATCH = YES;
				CODE_SIGN_IDENTITY = "iPhone Developer";
				COPY_PHASE_STRIP = NO;
				DEBUG_INFORMATION_FORMAT = dwarf;
				ENABLE_STRICT_OBJC_MSGSEND = YES;
				ENABLE_TESTABILITY = YES;
				GCC_C_LANGUAGE_STANDARD = gnu11;
				GCC_DYNAMIC_NO_PIC = NO;
				GCC_NO_COMMON_BLOCKS = YES;
				GCC_OPTIMIZATION_LEVEL = 0;
				GCC_PREPROCESSOR_DEFINITIONS = (
					"DEBUG=1",
					"$(inherited)",
				);
				GCC_WARN_64_TO_32_BIT_CONVERSION = YES;
				GCC_WARN_ABOUT_RETURN_TYPE = YES_ERROR;
				GCC_WARN_UNDECLARED_SELECTOR = YES;
				GCC_WARN_UNINITIALIZED_AUTOS = YES_AGGRESSIVE;
				GCC_WARN_UNUSED_FUNCTION = YES;
				GCC_WARN_UNUSED_VARIABLE = YES;
				IPHONEOS_DEPLOYMENT_TARGET = 11.4;
				MTL_ENABLE_DEBUG_INFO = YES;
				ONLY_ACTIVE_ARCH = YES;
				SDKROOT = iphoneos;
				SWIFT_ACTIVE_COMPILATION_CONDITIONS = DEBUG;
				SWIFT_OPTIMIZATION_LEVEL = "-Onone";
			};
			name = Debug;
		};
		5B21DF502144B203001B725C /* Release */ = {
			isa = XCBuildConfiguration;
			buildSettings = {
				ALWAYS_SEARCH_USER_PATHS = NO;
				CLANG_ANALYZER_NONNULL = YES;
				CLANG_ANALYZER_NUMBER_OBJECT_CONVERSION = YES_AGGRESSIVE;
				CLANG_CXX_LANGUAGE_STANDARD = "gnu++14";
				CLANG_CXX_LIBRARY = "libc++";
				CLANG_ENABLE_MODULES = YES;
				CLANG_ENABLE_OBJC_ARC = YES;
				CLANG_ENABLE_OBJC_WEAK = YES;
				CLANG_WARN_BLOCK_CAPTURE_AUTORELEASING = YES;
				CLANG_WARN_BOOL_CONVERSION = YES;
				CLANG_WARN_COMMA = YES;
				CLANG_WARN_CONSTANT_CONVERSION = YES;
				CLANG_WARN_DEPRECATED_OBJC_IMPLEMENTATIONS = YES;
				CLANG_WARN_DIRECT_OBJC_ISA_USAGE = YES_ERROR;
				CLANG_WARN_DOCUMENTATION_COMMENTS = YES;
				CLANG_WARN_EMPTY_BODY = YES;
				CLANG_WARN_ENUM_CONVERSION = YES;
				CLANG_WARN_INFINITE_RECURSION = YES;
				CLANG_WARN_INT_CONVERSION = YES;
				CLANG_WARN_NON_LITERAL_NULL_CONVERSION = YES;
				CLANG_WARN_OBJC_IMPLICIT_RETAIN_SELF = YES;
				CLANG_WARN_OBJC_LITERAL_CONVERSION = YES;
				CLANG_WARN_OBJC_ROOT_CLASS = YES_ERROR;
				CLANG_WARN_RANGE_LOOP_ANALYSIS = YES;
				CLANG_WARN_STRICT_PROTOTYPES = YES;
				CLANG_WARN_SUSPICIOUS_MOVE = YES;
				CLANG_WARN_UNGUARDED_AVAILABILITY = YES_AGGRESSIVE;
				CLANG_WARN_UNREACHABLE_CODE = YES;
				CLANG_WARN__DUPLICATE_METHOD_MATCH = YES;
				CODE_SIGN_IDENTITY = "iPhone Developer";
				COPY_PHASE_STRIP = NO;
				DEBUG_INFORMATION_FORMAT = "dwarf-with-dsym";
				ENABLE_NS_ASSERTIONS = NO;
				ENABLE_STRICT_OBJC_MSGSEND = YES;
				GCC_C_LANGUAGE_STANDARD = gnu11;
				GCC_NO_COMMON_BLOCKS = YES;
				GCC_WARN_64_TO_32_BIT_CONVERSION = YES;
				GCC_WARN_ABOUT_RETURN_TYPE = YES_ERROR;
				GCC_WARN_UNDECLARED_SELECTOR = YES;
				GCC_WARN_UNINITIALIZED_AUTOS = YES_AGGRESSIVE;
				GCC_WARN_UNUSED_FUNCTION = YES;
				GCC_WARN_UNUSED_VARIABLE = YES;
				IPHONEOS_DEPLOYMENT_TARGET = 11.4;
				MTL_ENABLE_DEBUG_INFO = NO;
				SDKROOT = iphoneos;
				SWIFT_COMPILATION_MODE = wholemodule;
				SWIFT_OPTIMIZATION_LEVEL = "-O";
				VALIDATE_PRODUCT = YES;
			};
			name = Release;
		};
		5B21DF522144B203001B725C /* Debug */ = {
			isa = XCBuildConfiguration;
			buildSettings = {
				ASSETCATALOG_COMPILER_APPICON_NAME = AppIcon;
				CODE_SIGN_STYLE = Automatic;
				DEVELOPMENT_TEAM = T88SD6R42T;
				INFOPLIST_FILE = webservice/Info.plist;
				LD_RUNPATH_SEARCH_PATHS = (
					"$(inherited)",
					"@executable_path/Frameworks",
				);
				PRODUCT_BUNDLE_IDENTIFIER = "curso-swift.webservice";
				PRODUCT_NAME = "$(TARGET_NAME)";
				SWIFT_VERSION = 4.0;
				TARGETED_DEVICE_FAMILY = "1,2";
			};
			name = Debug;
		};
		5B21DF532144B203001B725C /* Release */ = {
			isa = XCBuildConfiguration;
			buildSettings = {
				ASSETCATALOG_COMPILER_APPICON_NAME = AppIcon;
				CODE_SIGN_STYLE = Automatic;
				DEVELOPMENT_TEAM = T88SD6R42T;
				INFOPLIST_FILE = webservice/Info.plist;
				LD_RUNPATH_SEARCH_PATHS = (
					"$(inherited)",
					"@executable_path/Frameworks",
				);
				PRODUCT_BUNDLE_IDENTIFIER = "curso-swift.webservice";
				PRODUCT_NAME = "$(TARGET_NAME)";
				SWIFT_VERSION = 4.0;
				TARGETED_DEVICE_FAMILY = "1,2";
			};
			name = Release;
		};
		5B21DF552144B203001B725C /* Debug */ = {
			isa = XCBuildConfiguration;
			buildSettings = {
				ALWAYS_EMBED_SWIFT_STANDARD_LIBRARIES = YES;
				BUNDLE_LOADER = "$(TEST_HOST)";
				CODE_SIGN_STYLE = Automatic;
				DEVELOPMENT_TEAM = T88SD6R42T;
				INFOPLIST_FILE = webserviceTests/Info.plist;
				LD_RUNPATH_SEARCH_PATHS = (
					"$(inherited)",
					"@executable_path/Frameworks",
					"@loader_path/Frameworks",
				);
				PRODUCT_BUNDLE_IDENTIFIER = "curso-swift.webserviceTests";
				PRODUCT_NAME = "$(TARGET_NAME)";
				SWIFT_VERSION = 4.0;
				TARGETED_DEVICE_FAMILY = "1,2";
				TEST_HOST = "$(BUILT_PRODUCTS_DIR)/webservice.app/webservice";
			};
			name = Debug;
		};
		5B21DF562144B203001B725C /* Release */ = {
			isa = XCBuildConfiguration;
			buildSettings = {
				ALWAYS_EMBED_SWIFT_STANDARD_LIBRARIES = YES;
				BUNDLE_LOADER = "$(TEST_HOST)";
				CODE_SIGN_STYLE = Automatic;
				DEVELOPMENT_TEAM = T88SD6R42T;
				INFOPLIST_FILE = webserviceTests/Info.plist;
				LD_RUNPATH_SEARCH_PATHS = (
					"$(inherited)",
					"@executable_path/Frameworks",
					"@loader_path/Frameworks",
				);
				PRODUCT_BUNDLE_IDENTIFIER = "curso-swift.webserviceTests";
				PRODUCT_NAME = "$(TARGET_NAME)";
				SWIFT_VERSION = 4.0;
				TARGETED_DEVICE_FAMILY = "1,2";
				TEST_HOST = "$(BUILT_PRODUCTS_DIR)/webservice.app/webservice";
			};
			name = Release;
		};
		5B21DF582144B203001B725C /* Debug */ = {
			isa = XCBuildConfiguration;
			buildSettings = {
				ALWAYS_EMBED_SWIFT_STANDARD_LIBRARIES = YES;
				CODE_SIGN_STYLE = Automatic;
				DEVELOPMENT_TEAM = T88SD6R42T;
				INFOPLIST_FILE = webserviceUITests/Info.plist;
				LD_RUNPATH_SEARCH_PATHS = (
					"$(inherited)",
					"@executable_path/Frameworks",
					"@loader_path/Frameworks",
				);
				PRODUCT_BUNDLE_IDENTIFIER = "curso-swift.webserviceUITests";
				PRODUCT_NAME = "$(TARGET_NAME)";
				SWIFT_VERSION = 4.0;
				TARGETED_DEVICE_FAMILY = "1,2";
				TEST_TARGET_NAME = webservice;
			};
			name = Debug;
		};
		5B21DF592144B203001B725C /* Release */ = {
			isa = XCBuildConfiguration;
			buildSettings = {
				ALWAYS_EMBED_SWIFT_STANDARD_LIBRARIES = YES;
				CODE_SIGN_STYLE = Automatic;
				DEVELOPMENT_TEAM = T88SD6R42T;
				INFOPLIST_FILE = webserviceUITests/Info.plist;
				LD_RUNPATH_SEARCH_PATHS = (
					"$(inherited)",
					"@executable_path/Frameworks",
					"@loader_path/Frameworks",
				);
				PRODUCT_BUNDLE_IDENTIFIER = "curso-swift.webserviceUITests";
				PRODUCT_NAME = "$(TARGET_NAME)";
				SWIFT_VERSION = 4.0;
				TARGETED_DEVICE_FAMILY = "1,2";
				TEST_TARGET_NAME = webservice;
			};
			name = Release;
		};
/* End XCBuildConfiguration section */

/* Begin XCConfigurationList section */
		5B21DF242144B1FE001B725C /* Build configuration list for PBXProject "webservice" */ = {
			isa = XCConfigurationList;
			buildConfigurations = (
				5B21DF4F2144B203001B725C /* Debug */,
				5B21DF502144B203001B725C /* Release */,
			);
			defaultConfigurationIsVisible = 0;
			defaultConfigurationName = Release;
		};
		5B21DF512144B203001B725C /* Build configuration list for PBXNativeTarget "webservice" */ = {
			isa = XCConfigurationList;
			buildConfigurations = (
				5B21DF522144B203001B725C /* Debug */,
				5B21DF532144B203001B725C /* Release */,
			);
			defaultConfigurationIsVisible = 0;
			defaultConfigurationName = Release;
		};
		5B21DF542144B203001B725C /* Build configuration list for PBXNativeTarget "webserviceTests" */ = {
			isa = XCConfigurationList;
			buildConfigurations = (
				5B21DF552144B203001B725C /* Debug */,
				5B21DF562144B203001B725C /* Release */,
			);
			defaultConfigurationIsVisible = 0;
			defaultConfigurationName = Release;
		};
		5B21DF572144B203001B725C /* Build configuration list for PBXNativeTarget "webserviceUITests" */ = {
			isa = XCConfigurationList;
			buildConfigurations = (
				5B21DF582144B203001B725C /* Debug */,
				5B21DF592144B203001B725C /* Release */,
			);
			defaultConfigurationIsVisible = 0;
			defaultConfigurationName = Release;
		};
/* End XCConfigurationList section */
	};
	rootObject = 5B21DF212144B1FE001B725C /* Project object */;
}
